
Microsoft Visual Studio Solution File, Format Version 12.00
# Visual Studio Version 16
VisualStudioVersion = 16.0.31205.134
MinimumVisualStudioVersion = 10.0.40219.1
Project("{D2ABAB84-BF74-430A-B69E-9DC6D40DDA17}") = "SSAS_proj", "SSAS_proj\SSAS_proj.dwproj", "{4E505A1A-FBC2-4A77-990D-FE74693EABF2}"
EndProject
Global
	GlobalSection(SolutionConfigurationPlatforms) = preSolution
		Development|Default = Development|Default
	EndGlobalSection
	GlobalSection(ProjectConfigurationPlatforms) = postSolution
		{4E505A1A-FBC2-4A77-990D-FE74693EABF2}.Development|Default.ActiveCfg = Development
		{4E505A1A-FBC2-4A77-990D-FE74693EABF2}.Development|Default.Build.0 = Development
		{4E505A1A-FBC2-4A77-990D-FE74693EABF2}.Development|Default.Deploy.0 = Development
	EndGlobalSection
	GlobalSection(SolutionProperties) = preSolution
		HideSolutionNode = FALSE
	EndGlobalSection
	GlobalSection(ExtensibilityGlobals) = postSolution
		SolutionGuid = {C661F547-6469-4ED3-83BA-C25CCFBDE49C}
	EndGlobalSection
EndGlobal
